{
  "meteor": {},
  "dependencies": {
    "basePackages": {
      "famono": {
        "version": "0.0.7"
      }
    },
    "packages": {
      "famono": {
        "git": "https://github.com/raix/Meteor-famono.git",
        "tag": "v0.0.7",
        "commit": "e92a3c2b5a8596c139dee332c925363bbb0d0290"
      }
    }
  }
}
